<?xml version="1.0" encoding="utf-8"?>
<Project ToolsVersion="4.0" xmlns="http://schemas.microsoft.com/developer/msbuild/2003">
  <ItemGroup>
    <Filter Include="Source Files">
      <UniqueIdentifier>{4FC737F1-C7A5-4376-A066-2A32D752A2FF}</UniqueIdentifier>
      <Extensions>cpp;c;cc;cxx;def;odl;idl;hpj;bat;asm;asmx</Extensions>
    </Filter>
    <Filter Include="Header Files">
      <UniqueIdentifier>{93995380-89BD-4b04-88EB-625FBE52EBFB}</UniqueIdentifier>
      <Extensions>h;hh;hpp;hxx;hm;inl;inc;ipp;xsd</Extensions>
    </Filter>
    <Filter Include="Resource Files">
      <UniqueIdentifier>{67DA6AB6-F800-4c08-8B7A-83BB121AAD01}</UniqueIdentifier>
      <Extensions>rc;ico;cur;bmp;dlg;rc2;rct;bin;rgs;gif;jpg;jpeg;jpe;resx;tiff;tif;png;wav;mfcribbon-ms</Extensions>
    </Filter>
  </ItemGroup>
  <ItemGroup>
    <ClCompile Include="Utils\common.c">
      <Filter>Source Files</Filter>
    </ClCompile>
    <ClCompile Include="Utils\StateManager.cpp">
      <Filter>Source Files</Filter>
    </ClCompile>
    <ClCompile Include="Utils\Timer.cpp">
      <Filter>Source Files</Filter>
    </ClCompile>
    <ClCompile Include="Audio\sound_utils\audio.c">
      <Filter>Source Files</Filter>
    </ClCompile>
    <ClCompile Include="Audio\sound_utils\bgm.c">
      <Filter>Source Files</Filter>
    </ClCompile>
    <ClCompile Include="Audio\sound_utils\media.c">
      <Filter>Source Files</Filter>
    </ClCompile>
    <ClCompile Include="Audio\sound_utils\pgeWav.c">
      <Filter>Source Files</Filter>
    </ClCompile>
    <ClCompile Include="Audio\sound_utils\vfsFile.c">
      <Filter>Source Files</Filter>
    </ClCompile>
    <ClCompile Include="Audio\sound_utils\VirtualFile.c">
      <Filter>Source Files</Filter>
    </ClCompile>
    <ClCompile Include="Graphics\Frustum.cpp">
      <Filter>Source Files</Filter>
    </ClCompile>
    <ClCompile Include="Graphics\RenderManager.cpp">
      <Filter>Source Files</Filter>
    </ClCompile>
    <ClCompile Include="Graphics\Sprite.cpp">
      <Filter>Source Files</Filter>
    </ClCompile>
    <ClCompile Include="Graphics\TextureUtil.cpp">
      <Filter>Source Files</Filter>
    </ClCompile>
    <ClCompile Include="System\Dialogs.cpp">
      <Filter>Source Files</Filter>
    </ClCompile>
    <ClCompile Include="System\Input.cpp">
      <Filter>Source Files</Filter>
    </ClCompile>
    <ClCompile Include="System\NetworkDriver.cpp">
      <Filter>Source Files</Filter>
    </ClCompile>
    <ClCompile Include="System\Ram.cpp">
      <Filter>Source Files</Filter>
    </ClCompile>
    <ClCompile Include="Graphics\vram.c">
      <Filter>Source Files</Filter>
    </ClCompile>
    <ClCompile Include="src\Audio\sound_utils\audio.c">
      <Filter>Source Files</Filter>
    </ClCompile>
    <ClCompile Include="src\Audio\sound_utils\bgm.c">
      <Filter>Source Files</Filter>
    </ClCompile>
    <ClCompile Include="src\Audio\sound_utils\media.c">
      <Filter>Source Files</Filter>
    </ClCompile>
    <ClCompile Include="src\Audio\sound_utils\pgeWav.c">
      <Filter>Source Files</Filter>
    </ClCompile>
    <ClCompile Include="src\Audio\sound_utils\vfsFile.c">
      <Filter>Source Files</Filter>
    </ClCompile>
    <ClCompile Include="src\Audio\sound_utils\VirtualFile.c">
      <Filter>Source Files</Filter>
    </ClCompile>
    <ClCompile Include="src\Graphics\RenderManager.cpp">
      <Filter>Source Files</Filter>
    </ClCompile>
    <ClCompile Include="src\Graphics\Sprite.cpp">
      <Filter>Source Files</Filter>
    </ClCompile>
    <ClCompile Include="src\Graphics\TextureUtil.cpp">
      <Filter>Source Files</Filter>
    </ClCompile>
    <ClCompile Include="src\Graphics\vram.cpp">
      <Filter>Source Files</Filter>
    </ClCompile>
    <ClCompile Include="src\System\Dialogs.cpp">
      <Filter>Source Files</Filter>
    </ClCompile>
    <ClCompile Include="src\System\Input.cpp">
      <Filter>Source Files</Filter>
    </ClCompile>
    <ClCompile Include="src\System\NetworkDriver.cpp">
      <Filter>Source Files</Filter>
    </ClCompile>
    <ClCompile Include="src\System\Ram.cpp">
      <Filter>Source Files</Filter>
    </ClCompile>
    <ClCompile Include="src\Utils\common.c">
      <Filter>Source Files</Filter>
    </ClCompile>
    <ClCompile Include="src\Utils\Logger.cpp">
      <Filter>Source Files</Filter>
    </ClCompile>
    <ClCompile Include="src\Utils\StateManager.cpp">
      <Filter>Source Files</Filter>
    </ClCompile>
    <ClCompile Include="src\Utils\Timer.cpp">
      <Filter>Source Files</Filter>
    </ClCompile>
    <ClCompile Include="src\Audio\AudioClip.cpp">
      <Filter>Source Files</Filter>
    </ClCompile>
  </ItemGroup>
  <ItemGroup>
    <ClInclude Include="Utils\common.h">
      <Filter>Header Files</Filter>
    </ClInclude>
    <ClInclude Include="Utils\GameState.h">
      <Filter>Header Files</Filter>
    </ClInclude>
    <ClInclude Include="Utils\StateManager.h">
      <Filter>Header Files</Filter>
    </ClInclude>
    <ClInclude Include="Utils\Timer.hpp">
      <Filter>Header Files</Filter>
    </ClInclude>
    <ClInclude Include="Audio\sound_utils\audio.h">
      <Filter>Header Files</Filter>
    </ClInclude>
    <ClInclude Include="Audio\sound_utils\bgm.h">
      <Filter>Header Files</Filter>
    </ClInclude>
    <ClInclude Include="Audio\sound_utils\oslib.h">
      <Filter>Header Files</Filter>
    </ClInclude>
    <ClInclude Include="Audio\sound_utils\pgeWav.h">
      <Filter>Header Files</Filter>
    </ClInclude>
    <ClInclude Include="Audio\sound_utils\readwav.h">
      <Filter>Header Files</Filter>
    </ClInclude>
    <ClInclude Include="Audio\sound_utils\VirtualFile.h">
      <Filter>Header Files</Filter>
    </ClInclude>
    <ClInclude Include="Graphics\Frustum.h">
      <Filter>Header Files</Filter>
    </ClInclude>
    <ClInclude Include="Graphics\RenderManager.h">
      <Filter>Header Files</Filter>
    </ClInclude>
    <ClInclude Include="Graphics\Sprite.h">
      <Filter>Header Files</Filter>
    </ClInclude>
    <ClInclude Include="Graphics\Texture.h">
      <Filter>Header Files</Filter>
    </ClInclude>
    <ClInclude Include="Graphics\TextureUtil.h">
      <Filter>Header Files</Filter>
    </ClInclude>
    <ClInclude Include="Graphics\Vertex.h">
      <Filter>Header Files</Filter>
    </ClInclude>
    <ClInclude Include="Physics\AABB.h">
      <Filter>Header Files</Filter>
    </ClInclude>
    <ClInclude Include="System\Dialogs.h">
      <Filter>Header Files</Filter>
    </ClInclude>
    <ClInclude Include="System\Input.h">
      <Filter>Header Files</Filter>
    </ClInclude>
    <ClInclude Include="System\NetworkDriver.h">
      <Filter>Header Files</Filter>
    </ClInclude>
    <ClInclude Include="System\Ram.h">
      <Filter>Header Files</Filter>
    </ClInclude>
    <ClInclude Include="Graphics\vram.h">
      <Filter>Header Files</Filter>
    </ClInclude>
    <ClInclude Include="include\Audio\sound_utils\audio.h">
      <Filter>Header Files</Filter>
    </ClInclude>
    <ClInclude Include="include\Audio\sound_utils\bgm.h">
      <Filter>Header Files</Filter>
    </ClInclude>
    <ClInclude Include="include\Audio\sound_utils\oslib.h">
      <Filter>Header Files</Filter>
    </ClInclude>
    <ClInclude Include="include\Audio\sound_utils\pgeWav.h">
      <Filter>Header Files</Filter>
    </ClInclude>
    <ClInclude Include="include\Audio\sound_utils\readwav.h">
      <Filter>Header Files</Filter>
    </ClInclude>
    <ClInclude Include="include\Audio\sound_utils\VirtualFile.h">
      <Filter>Header Files</Filter>
    </ClInclude>
    <ClInclude Include="include\Graphics\RenderManager.h">
      <Filter>Header Files</Filter>
    </ClInclude>
    <ClInclude Include="include\Graphics\Sprite.h">
      <Filter>Header Files</Filter>
    </ClInclude>
    <ClInclude Include="include\Graphics\Texture.h">
      <Filter>Header Files</Filter>
    </ClInclude>
    <ClInclude Include="include\Graphics\TextureUtil.h">
      <Filter>Header Files</Filter>
    </ClInclude>
    <ClInclude Include="include\Graphics\Vertex.h">
      <Filter>Header Files</Filter>
    </ClInclude>
    <ClInclude Include="include\Graphics\vram.h">
      <Filter>Header Files</Filter>
    </ClInclude>
    <ClInclude Include="include\System\Dialogs.h">
      <Filter>Header Files</Filter>
    </ClInclude>
    <ClInclude Include="include\System\Input.h">
      <Filter>Header Files</Filter>
    </ClInclude>
    <ClInclude Include="include\System\NetworkDriver.h">
      <Filter>Header Files</Filter>
    </ClInclude>
    <ClInclude Include="include\System\Ram.h">
      <Filter>Header Files</Filter>
    </ClInclude>
    <ClInclude Include="include\Utils\common.h">
      <Filter>Header Files</Filter>
    </ClInclude>
    <ClInclude Include="include\Utils\GameState.h">
      <Filter>Header Files</Filter>
    </ClInclude>
    <ClInclude Include="include\Utils\Logger.h">
      <Filter>Header Files</Filter>
    </ClInclude>
    <ClInclude Include="include\Utils\StateManager.h">
      <Filter>Header Files</Filter>
    </ClInclude>
    <ClInclude Include="include\Utils\Timer.hpp">
      <Filter>Header Files</Filter>
    </ClInclude>
    <ClInclude Include="include\Audio\AudioClip.h">
      <Filter>Header Files</Filter>
    </ClInclude>
    <ClInclude Include="include\Shadow.h">
      <Filter>Header Files</Filter>
    </ClInclude>
  </ItemGroup>
</Project>